<?xml version="1.0" encoding="UTF-8"?>
<CONFIG>
  <ProjectOptions>
    <Version Value="10"/>
    <PathDelim Value="\"/>
    <General>
      <Flags>
        <LRSInOutputDirectory Value="False"/>
      </Flags>
      <MainUnit Value="0"/>
    </General>
    <VersionInfo>
      <AutoIncrementBuild Value="True"/>
      <MajorVersionNr Value="3"/>
      <MinorVersionNr Value="2"/>
      <StringTable ProductVersion=""/>
    </VersionInfo>
    <BuildModes Count="1">
      <Item1 Name="default" Default="True"/>
    </BuildModes>
    <PublishOptions>
      <Version Value="2"/>
      <IgnoreBinaries Value="False"/>
      <IncludeFileFilter Value="*.(pas|pp|inc|lfm|lpr|lrs|lpi|lpk|sh|xml)"/>
      <ExcludeFileFilter Value="*.(bak|ppu|ppw|o|so);*~;backup"/>
    </PublishOptions>
    <RunParams>
      <local>
        <FormatVersion Value="1"/>
        <LaunchingApplication PathPlusParams="/usr/X11R6/bin/xterm -T 'Lazarus Run Output' -e $(LazarusDir)/tools/runwait.sh $(TargetCmdLine)"/>
      </local>
    </RunParams>
    <RequiredPackages Count="2">
      <Item1>
        <PackageName Value="LCL"/>
      </Item1>
      <Item2>
        <PackageName Value="IDEIntf"/>
        <MinVersion Major="1" Valid="True"/>
      </Item2>
    </RequiredPackages>
    <Units Count="87">
      <Unit0>
        <Filename Value="MotifMASTER.lpr"/>
        <IsPartOfProject Value="True"/>
        <EditorIndex Value="15"/>
        <CursorPos X="28" Y="11"/>
        <UsageCount Value="177"/>
        <Loaded Value="True"/>
        <LoadedDesigner Value="True"/>
        <DefaultSyntaxHighlighter Value="Delphi"/>
      </Unit0>
      <Unit1>
        <Filename Value="Unit12.pas"/>
        <IsPartOfProject Value="True"/>
        <ComponentName Value="AboutBox"/>
        <HasResources Value="True"/>
        <ResourceBaseClass Value="Form"/>
        <EditorIndex Value="2"/>
        <CursorPos X="44" Y="14"/>
        <UsageCount Value="171"/>
        <Loaded Value="True"/>
        <LoadedDesigner Value="True"/>
        <DefaultSyntaxHighlighter Value="Delphi"/>
      </Unit1>
      <Unit2>
        <Filename Value="Main.pas"/>
        <ComponentName Value="HiddenForm"/>
        <HasResources Value="True"/>
        <CursorPos X="42" Y="19"/>
        <UsageCount Value="41"/>
        <DefaultSyntaxHighlighter Value="Delphi"/>
      </Unit2>
      <Unit3>
        <Filename Value="Unit1.pas"/>
        <IsPartOfProject Value="True"/>
        <ComponentName Value="Form1"/>
        <HasResources Value="True"/>
        <ResourceBaseClass Value="Form"/>
        <EditorIndex Value="10"/>
        <CursorPos X="17" Y="3583"/>
        <UsageCount Value="171"/>
        <Loaded Value="True"/>
        <LoadedDesigner Value="True"/>
        <DefaultSyntaxHighlighter Value="Delphi"/>
      </Unit3>
      <Unit4>
        <Filename Value="Unit2.pas"/>
        <IsPartOfProject Value="True"/>
        <ComponentName Value="OptionsControl"/>
        <HasResources Value="True"/>
        <ResourceBaseClass Value="Form"/>
        <EditorIndex Value="9"/>
        <CursorPos Y="48"/>
        <UsageCount Value="171"/>
        <Loaded Value="True"/>
        <LoadedDesigner Value="True"/>
        <DefaultSyntaxHighlighter Value="Delphi"/>
      </Unit4>
      <Unit5>
        <Filename Value="Unit4.pas"/>
        <IsPartOfProject Value="True"/>
        <ComponentName Value="InputValueDlg"/>
        <HasResources Value="True"/>
        <ResourceBaseClass Value="Form"/>
        <EditorIndex Value="8"/>
        <TopLine Value="21"/>
        <CursorPos Y="72"/>
        <UsageCount Value="171"/>
        <Loaded Value="True"/>
        <LoadedDesigner Value="True"/>
        <DefaultSyntaxHighlighter Value="Delphi"/>
      </Unit5>
      <Unit6>
        <Filename Value="Unit5.pas"/>
        <IsPartOfProject Value="True"/>
        <ComponentName Value="EditPropVectorDlg"/>
        <HasResources Value="True"/>
        <ResourceBaseClass Value="Form"/>
        <EditorIndex Value="7"/>
        <TopLine Value="29"/>
        <CursorPos Y="80"/>
        <UsageCount Value="171"/>
        <Loaded Value="True"/>
        <LoadedDesigner Value="True"/>
        <DefaultSyntaxHighlighter Value="Delphi"/>
      </Unit6>
      <Unit7>
        <Filename Value="Unit6.pas"/>
        <IsPartOfProject Value="True"/>
        <ComponentName Value="SetMomentValueDlg"/>
        <HasResources Value="True"/>
        <ResourceBaseClass Value="Form"/>
        <EditorIndex Value="6"/>
        <CursorPos X="27" Y="18"/>
        <UsageCount Value="171"/>
        <Loaded Value="True"/>
        <LoadedDesigner Value="True"/>
        <DefaultSyntaxHighlighter Value="Delphi"/>
      </Unit7>
      <Unit8>
        <Filename Value="Unit7.pas"/>
        <IsPartOfProject Value="True"/>
        <ComponentName Value="SetMeanMomentValueDlg"/>
        <HasResources Value="True"/>
        <ResourceBaseClass Value="Form"/>
        <EditorIndex Value="5"/>
        <TopLine Value="22"/>
        <CursorPos X="10" Y="56"/>
        <UsageCount Value="171"/>
        <Loaded Value="True"/>
        <LoadedDesigner Value="True"/>
        <DefaultSyntaxHighlighter Value="Delphi"/>
      </Unit8>
      <Unit9>
        <Filename Value="Unit8.pas"/>
        <IsPartOfProject Value="True"/>
        <ComponentName Value="SiteCalcOptDlg"/>
        <HasResources Value="True"/>
        <ResourceBaseClass Value="Form"/>
        <EditorIndex Value="4"/>
        <TopLine Value="146"/>
        <CursorPos X="9" Y="174"/>
        <UsageCount Value="171"/>
        <Loaded Value="True"/>
        <LoadedDesigner Value="True"/>
        <DefaultSyntaxHighlighter Value="Delphi"/>
      </Unit9>
      <Unit10>
        <Filename Value="Unit9.pas"/>
        <IsPartOfProject Value="True"/>
        <ComponentName Value="EditSiteDlg"/>
        <HasResources Value="True"/>
        <ResourceBaseClass Value="Form"/>
        <EditorIndex Value="3"/>
        <CursorPos X="40" Y="18"/>
        <UsageCount Value="171"/>
        <Loaded Value="True"/>
        <LoadedDesigner Value="True"/>
        <DefaultSyntaxHighlighter Value="Delphi"/>
      </Unit10>
      <Unit11>
        <Filename Value="Unit10.pas"/>
        <IsPartOfProject Value="True"/>
        <ComponentName Value="PropVectCalcOptDlg"/>
        <HasResources Value="True"/>
        <ResourceBaseClass Value="Form"/>
        <TopLine Value="325"/>
        <CursorPos X="58" Y="327"/>
        <UsageCount Value="171"/>
        <Loaded Value="True"/>
        <LoadedDesigner Value="True"/>
        <DefaultSyntaxHighlighter Value="Delphi"/>
      </Unit11>
      <Unit12>
        <Filename Value="Unit11.pas"/>
        <IsPartOfProject Value="True"/>
        <ComponentName Value="StructViewPropDlg"/>
        <HasResources Value="True"/>
        <ResourceBaseClass Value="Form"/>
        <EditorIndex Value="1"/>
        <TopLine Value="21"/>
        <CursorPos X="7" Y="26"/>
        <UsageCount Value="171"/>
        <Loaded Value="True"/>
        <LoadedDesigner Value="True"/>
        <DefaultSyntaxHighlighter Value="Delphi"/>
      </Unit12>
      <Unit13>
        <Filename Value="Main.dfm"/>
        <UsageCount Value="6"/>
        <DefaultSyntaxHighlighter Value="LFM"/>
      </Unit13>
      <Unit14>
        <Filename Value="Unit11.lfm"/>
        <IsPartOfProject Value="True"/>
        <TopLine Value="26"/>
        <CursorPos Y="40"/>
        <UsageCount Value="172"/>
        <DefaultSyntaxHighlighter Value="LFM"/>
      </Unit14>
      <Unit15>
        <Filename Value="Unit11.lrs"/>
        <TopLine Value="52"/>
        <CursorPos Y="66"/>
        <UsageCount Value="41"/>
        <DefaultSyntaxHighlighter Value="Delphi"/>
      </Unit15>
      <Unit16>
        <Filename Value="Unit12.lfm"/>
        <IsPartOfProject Value="True"/>
        <UsageCount Value="172"/>
        <DefaultSyntaxHighlighter Value="LFM"/>
      </Unit16>
      <Unit17>
        <Filename Value="Unit10.lfm"/>
        <IsPartOfProject Value="True"/>
        <UsageCount Value="172"/>
        <DefaultSyntaxHighlighter Value="LFM"/>
      </Unit17>
      <Unit18>
        <Filename Value="Unit10.lrs"/>
        <UsageCount Value="6"/>
        <DefaultSyntaxHighlighter Value="Delphi"/>
      </Unit18>
      <Unit19>
        <Filename Value="Unit1.lfm"/>
        <IsPartOfProject Value="True"/>
        <TopLine Value="459"/>
        <CursorPos X="13" Y="472"/>
        <UsageCount Value="172"/>
        <DefaultSyntaxHighlighter Value="LFM"/>
      </Unit19>
      <Unit20>
        <Filename Value="Unit8.lfm"/>
        <IsPartOfProject Value="True"/>
        <UsageCount Value="172"/>
        <DefaultSyntaxHighlighter Value="LFM"/>
      </Unit20>
      <Unit21>
        <Filename Value="Unit12.lrs"/>
        <CursorPos X="48" Y="22"/>
        <UsageCount Value="8"/>
        <DefaultSyntaxHighlighter Value="Delphi"/>
      </Unit21>
      <Unit22>
        <Filename Value="C:\lazarus\lcl\grids.pas"/>
        <UnitName Value="Grids"/>
        <UsageCount Value="7"/>
      </Unit22>
      <Unit23>
        <Filename Value="C:\lazarus\lcl\forms.pp"/>
        <UnitName Value="Forms"/>
        <TopLine Value="785"/>
        <CursorPos X="64" Y="802"/>
        <UsageCount Value="8"/>
      </Unit23>
      <Unit24>
        <Filename Value="Main.lfm"/>
        <UsageCount Value="62"/>
        <DefaultSyntaxHighlighter Value="LFM"/>
      </Unit24>
      <Unit25>
        <Filename Value="Unit2.lfm"/>
        <IsPartOfProject Value="True"/>
        <UsageCount Value="172"/>
        <DefaultSyntaxHighlighter Value="LFM"/>
      </Unit25>
      <Unit26>
        <Filename Value="Unit4.lfm"/>
        <IsPartOfProject Value="True"/>
        <UsageCount Value="172"/>
        <DefaultSyntaxHighlighter Value="LFM"/>
      </Unit26>
      <Unit27>
        <Filename Value="Unit5.lfm"/>
        <IsPartOfProject Value="True"/>
        <UsageCount Value="172"/>
        <DefaultSyntaxHighlighter Value="LFM"/>
      </Unit27>
      <Unit28>
        <Filename Value="Unit6.lfm"/>
        <IsPartOfProject Value="True"/>
        <UsageCount Value="172"/>
        <DefaultSyntaxHighlighter Value="LFM"/>
      </Unit28>
      <Unit29>
        <Filename Value="Unit7.lfm"/>
        <IsPartOfProject Value="True"/>
        <UsageCount Value="172"/>
        <DefaultSyntaxHighlighter Value="LFM"/>
      </Unit29>
      <Unit30>
        <Filename Value="Unit9.lfm"/>
        <IsPartOfProject Value="True"/>
        <UsageCount Value="172"/>
        <DefaultSyntaxHighlighter Value="LFM"/>
      </Unit30>
      <Unit31>
        <Filename Value="Unit2.lrs"/>
        <UsageCount Value="35"/>
        <DefaultSyntaxHighlighter Value="Delphi"/>
      </Unit31>
      <Unit32>
        <Filename Value="..\Library\NewVCL\FocusPanel.pas"/>
        <CursorPos X="8" Y="18"/>
        <UsageCount Value="19"/>
        <DefaultSyntaxHighlighter Value="Delphi"/>
      </Unit32>
      <Unit33>
        <Filename Value="..\Library\NewVCL\NumericGrid.pas"/>
        <IsPartOfProject Value="True"/>
        <EditorIndex Value="29"/>
        <TopLine Value="2317"/>
        <CursorPos X="9" Y="2337"/>
        <UsageCount Value="119"/>
        <Loaded Value="True"/>
        <DefaultSyntaxHighlighter Value="Delphi"/>
      </Unit33>
      <Unit34>
        <Filename Value="..\Library\Tools\Tools.pas"/>
        <IsPartOfProject Value="True"/>
        <EditorIndex Value="34"/>
        <TopLine Value="201"/>
        <CursorPos X="9" Y="220"/>
        <UsageCount Value="119"/>
        <Loaded Value="True"/>
        <DefaultSyntaxHighlighter Value="Delphi"/>
      </Unit34>
      <Unit35>
        <Filename Value="..\Library\Math\SimpMath.pas"/>
        <IsPartOfProject Value="True"/>
        <EditorIndex Value="23"/>
        <CursorPos X="5" Y="15"/>
        <UsageCount Value="119"/>
        <Loaded Value="True"/>
        <DefaultSyntaxHighlighter Value="Delphi"/>
      </Unit35>
      <Unit36>
        <Filename Value="..\Library\Common\TableComp.pas"/>
        <IsPartOfProject Value="True"/>
        <EditorIndex Value="20"/>
        <TopLine Value="3"/>
        <CursorPos X="57" Y="15"/>
        <UsageCount Value="119"/>
        <Loaded Value="True"/>
        <DefaultSyntaxHighlighter Value="Delphi"/>
      </Unit36>
      <Unit37>
        <Filename Value="..\Library\Common\CBRCComponent.pas"/>
        <IsPartOfProject Value="True"/>
        <EditorIndex Value="26"/>
        <TopLine Value="67"/>
        <CursorPos X="25" Y="89"/>
        <UsageCount Value="141"/>
        <Loaded Value="True"/>
        <DefaultSyntaxHighlighter Value="Delphi"/>
      </Unit37>
      <Unit38>
        <Filename Value="..\Library\MMaster\ClassInheritIDs.pas"/>
        <IsPartOfProject Value="True"/>
        <EditorIndex Value="27"/>
        <TopLine Value="165"/>
        <CursorPos X="15" Y="9"/>
        <UsageCount Value="119"/>
        <Loaded Value="True"/>
        <DefaultSyntaxHighlighter Value="Delphi"/>
      </Unit38>
      <Unit39>
        <Filename Value="..\Library\Common\SelfSaved.pas"/>
        <IsPartOfProject Value="True"/>
        <EditorIndex Value="22"/>
        <TopLine Value="70"/>
        <CursorPos X="5" Y="23"/>
        <UsageCount Value="131"/>
        <Loaded Value="True"/>
        <DefaultSyntaxHighlighter Value="Delphi"/>
      </Unit39>
      <Unit40>
        <Filename Value="..\Library\Common\SelfCopied.pas"/>
        <IsPartOfProject Value="True"/>
        <EditorIndex Value="12"/>
        <CursorPos X="17" Y="15"/>
        <UsageCount Value="121"/>
        <Loaded Value="True"/>
        <DefaultSyntaxHighlighter Value="Delphi"/>
      </Unit40>
      <Unit41>
        <Filename Value="..\Library\Common\ComponentList.pas"/>
        <IsPartOfProject Value="True"/>
        <EditorIndex Value="25"/>
        <TopLine Value="269"/>
        <CursorPos Y="286"/>
        <UsageCount Value="141"/>
        <Loaded Value="True"/>
        <DefaultSyntaxHighlighter Value="Delphi"/>
      </Unit41>
      <Unit42>
        <Filename Value="Unit1.lrs"/>
        <TopLine Value="2"/>
        <CursorPos Y="791"/>
        <UsageCount Value="16"/>
        <DefaultSyntaxHighlighter Value="Delphi"/>
      </Unit42>
      <Unit43>
        <Filename Value="..\Library\Algorithms\AlgorithmContainer.pas"/>
        <IsPartOfProject Value="True"/>
        <EditorIndex Value="36"/>
        <TopLine Value="5"/>
        <CursorPos X="19" Y="24"/>
        <UsageCount Value="119"/>
        <Loaded Value="True"/>
        <DefaultSyntaxHighlighter Value="Delphi"/>
      </Unit43>
      <Unit44>
        <Filename Value="..\Library\Common\Runner.pas"/>
        <IsPartOfProject Value="True"/>
        <EditorIndex Value="33"/>
        <TopLine Value="54"/>
        <CursorPos Y="65"/>
        <UsageCount Value="119"/>
        <Loaded Value="True"/>
        <DefaultSyntaxHighlighter Value="Delphi"/>
      </Unit44>
      <Unit45>
        <Filename Value="..\Library\MMaster\CalcModule.pas"/>
        <IsPartOfProject Value="True"/>
        <EditorIndex Value="11"/>
        <CursorPos X="25" Y="27"/>
        <UsageCount Value="119"/>
        <Loaded Value="True"/>
        <DefaultSyntaxHighlighter Value="Delphi"/>
      </Unit45>
      <Unit46>
        <Filename Value="..\Library\MMaster\DataClasses.pas"/>
        <IsPartOfProject Value="True"/>
        <EditorIndex Value="13"/>
        <TopLine Value="77"/>
        <CursorPos X="10" Y="90"/>
        <UsageCount Value="119"/>
        <Bookmarks Count="1">
          <Item0 X="3" Y="6693" ID="1"/>
        </Bookmarks>
        <Loaded Value="True"/>
        <DefaultSyntaxHighlighter Value="Delphi"/>
      </Unit46>
      <Unit47>
        <Filename Value="..\Library\Algorithms\Decisions.pas"/>
        <IsPartOfProject Value="True"/>
        <EditorIndex Value="14"/>
        <CursorPos X="52" Y="17"/>
        <UsageCount Value="119"/>
        <Loaded Value="True"/>
        <DefaultSyntaxHighlighter Value="Delphi"/>
      </Unit47>
      <Unit48>
        <Filename Value="..\Library\Algorithms\DownhillSimplexContainer.pas"/>
        <IsPartOfProject Value="True"/>
        <EditorIndex Value="18"/>
        <TopLine Value="519"/>
        <CursorPos X="89" Y="24"/>
        <UsageCount Value="119"/>
        <Loaded Value="True"/>
        <DefaultSyntaxHighlighter Value="Delphi"/>
      </Unit48>
      <Unit49>
        <Filename Value="..\Library\Common\ObjSavingStringList.pas"/>
        <IsPartOfProject Value="True"/>
        <EditorIndex Value="30"/>
        <TopLine Value="9"/>
        <CursorPos X="47" Y="17"/>
        <UsageCount Value="119"/>
        <Loaded Value="True"/>
        <DefaultSyntaxHighlighter Value="Delphi"/>
      </Unit49>
      <Unit50>
        <Filename Value="..\Library\FFeditor\FFDataFile.pas"/>
        <IsPartOfProject Value="True"/>
        <EditorIndex Value="19"/>
        <TopLine Value="4"/>
        <CursorPos X="18" Y="15"/>
        <UsageCount Value="119"/>
        <Loaded Value="True"/>
        <DefaultSyntaxHighlighter Value="Delphi"/>
      </Unit50>
      <Unit51>
        <Filename Value="..\Library\MMaster\Plotter2.pas"/>
        <IsPartOfProject Value="True"/>
        <EditorIndex Value="32"/>
        <TopLine Value="411"/>
        <CursorPos X="21" Y="425"/>
        <UsageCount Value="119"/>
        <Loaded Value="True"/>
        <DefaultSyntaxHighlighter Value="Delphi"/>
      </Unit51>
      <Unit52>
        <Filename Value="C:\lazarus\lcl\graphics.pp"/>
        <UnitName Value="Graphics"/>
        <CursorPos X="18" Y="15"/>
        <UsageCount Value="10"/>
      </Unit52>
      <Unit53>
        <Filename Value="C:\lazarus\lcl\graphtype.pp"/>
        <UnitName Value="GraphType"/>
        <CursorPos X="18" Y="15"/>
        <UsageCount Value="10"/>
      </Unit53>
      <Unit54>
        <Filename Value="..\Library\MMaster\Plotter.pas"/>
        <IsPartOfProject Value="True"/>
        <IsVisibleTab Value="True"/>
        <EditorIndex Value="31"/>
        <TopLine Value="5"/>
        <CursorPos X="6" Y="18"/>
        <UsageCount Value="119"/>
        <Loaded Value="True"/>
        <DefaultSyntaxHighlighter Value="Delphi"/>
      </Unit54>
      <Unit55>
        <Filename Value="..\Library\MMaster\SyntMessages.pas"/>
        <CursorPos Y="13"/>
        <UsageCount Value="12"/>
        <DefaultSyntaxHighlighter Value="Delphi"/>
      </Unit55>
      <Unit56>
        <Filename Value="C:\lazarus\lcl\stdctrls.pp"/>
        <UnitName Value="StdCtrls"/>
        <TopLine Value="1273"/>
        <CursorPos X="16" Y="1299"/>
        <UsageCount Value="7"/>
      </Unit56>
      <Unit57>
        <Filename Value="C:\lazarus\fpc\2.0.4\source\rtl\objpas\classes\classesh.inc"/>
        <TopLine Value="15"/>
        <CursorPos X="18" Y="15"/>
        <UsageCount Value="9"/>
      </Unit57>
      <Unit58>
        <Filename Value="C:\lazarus\fpc\2.0.4\source\packages\extra\winunits\jwawintype.pas"/>
        <UnitName Value="JwaWinType"/>
        <TopLine Value="81"/>
        <CursorPos X="37" Y="96"/>
        <UsageCount Value="9"/>
      </Unit58>
      <Unit59>
        <Filename Value="C:\lazarus\fpc\2.0.4\source\packages\extra\winunits\jwawinnt.pas"/>
        <UnitName Value="JwaWinNT"/>
        <TopLine Value="9081"/>
        <CursorPos X="13" Y="9096"/>
        <UsageCount Value="7"/>
      </Unit59>
      <Unit60>
        <Filename Value="C:\lazarus\fpc\2.0.4\source\packages\extra\winunits\jwawinuser.pas"/>
        <UnitName Value="JwaWinUser"/>
        <TopLine Value="31"/>
        <CursorPos X="74" Y="24"/>
        <UsageCount Value="9"/>
      </Unit60>
      <Unit61>
        <Filename Value="C:\lazarus\lcl\comctrls.pp"/>
        <UnitName Value="ComCtrls"/>
        <TopLine Value="1471"/>
        <CursorPos X="68" Y="1486"/>
        <UsageCount Value="7"/>
      </Unit61>
      <Unit62>
        <Filename Value="C:\lazarus\fpc\2.0.4\source\rtl\win32\windows.pp"/>
        <UsageCount Value="7"/>
      </Unit62>
      <Unit63>
        <Filename Value="Unit4.lrs"/>
        <UsageCount Value="9"/>
        <DefaultSyntaxHighlighter Value="Delphi"/>
      </Unit63>
      <Unit64>
        <Filename Value="C:\lazarus\fpc\2.0.4\source\packages\extra\winunits\jwawinbase.pas"/>
        <UnitName Value="JwaWinBase"/>
        <UsageCount Value="7"/>
      </Unit64>
      <Unit65>
        <Filename Value="..\Library\MMaster\StrConst.pas"/>
        <IsPartOfProject Value="True"/>
        <CursorPos X="19" Y="13"/>
        <UsageCount Value="129"/>
        <DefaultSyntaxHighlighter Value="Delphi"/>
      </Unit65>
      <Unit66>
        <Filename Value="Main.lrs"/>
        <CursorPos Y="11"/>
        <UsageCount Value="11"/>
        <DefaultSyntaxHighlighter Value="Delphi"/>
      </Unit66>
      <Unit67>
        <Filename Value="C:\lazarus\lcl\include\bitmap.inc"/>
        <TopLine Value="122"/>
        <CursorPos X="28" Y="128"/>
        <UsageCount Value="9"/>
      </Unit67>
      <Unit68>
        <Filename Value="..\Library\MMaster\SourceFile.pas"/>
        <IsPartOfProject Value="True"/>
        <EditorIndex Value="24"/>
        <TopLine Value="8"/>
        <CursorPos X="5" Y="25"/>
        <UsageCount Value="125"/>
        <Loaded Value="True"/>
        <DefaultSyntaxHighlighter Value="Delphi"/>
      </Unit68>
      <Unit69>
        <Filename Value="C:\lazarus\lcl\include\control.inc"/>
        <TopLine Value="1930"/>
        <CursorPos X="14" Y="1942"/>
        <UsageCount Value="6"/>
      </Unit69>
      <Unit70>
        <Filename Value="C:\lazarus\lcl\include\treeview.inc"/>
        <TopLine Value="4109"/>
        <CursorPos Y="4127"/>
        <UsageCount Value="6"/>
      </Unit70>
      <Unit71>
        <Filename Value="..\Packages\DclUsr\Dclusr40.pas"/>
        <UsageCount Value="6"/>
        <DefaultSyntaxHighlighter Value="Delphi"/>
      </Unit71>
      <Unit72>
        <Filename Value="..\Library\Algorithms\Algorithm.pas"/>
        <IsPartOfProject Value="True"/>
        <EditorIndex Value="35"/>
        <CursorPos X="39" Y="18"/>
        <UsageCount Value="119"/>
        <Loaded Value="True"/>
        <DefaultSyntaxHighlighter Value="Delphi"/>
      </Unit72>
      <Unit73>
        <Filename Value="..\Library\Algorithms\CombEnumerator.pas"/>
        <IsPartOfProject Value="True"/>
        <EditorIndex Value="28"/>
        <CursorPos X="28" Y="13"/>
        <UsageCount Value="119"/>
        <Loaded Value="True"/>
        <DefaultSyntaxHighlighter Value="Delphi"/>
      </Unit73>
      <Unit74>
        <Filename Value="..\Library\Algorithms\DownhillSimplexAlgorithm.pas"/>
        <IsPartOfProject Value="True"/>
        <EditorIndex Value="17"/>
        <CursorPos X="47" Y="15"/>
        <UsageCount Value="119"/>
        <Loaded Value="True"/>
        <DefaultSyntaxHighlighter Value="Delphi"/>
      </Unit74>
      <Unit75>
        <Filename Value="..\Library\Math\Math3d.pas"/>
        <IsPartOfProject Value="True"/>
        <EditorIndex Value="21"/>
        <TopLine Value="38"/>
        <CursorPos Y="41"/>
        <UsageCount Value="119"/>
        <Loaded Value="True"/>
        <DefaultSyntaxHighlighter Value="Delphi"/>
      </Unit75>
      <Unit76>
        <Filename Value="C:\lazarus\lcl\interfaces\win32\win32listsl.inc"/>
        <TopLine Value="190"/>
        <CursorPos Y="203"/>
        <UsageCount Value="8"/>
      </Unit76>
      <Unit77>
        <Filename Value="C:\lazarus\lcl\include\customlistbox.inc"/>
        <TopLine Value="463"/>
        <CursorPos Y="476"/>
        <UsageCount Value="8"/>
      </Unit77>
      <Unit78>
        <Filename Value="C:\lazarus\fpc\2.0.4\source\rtl\inc\objpash.inc"/>
        <TopLine Value="177"/>
        <CursorPos X="20" Y="195"/>
        <UsageCount Value="8"/>
      </Unit78>
      <Unit79>
        <Filename Value="C:\lazarus\fpc\2.0.4\source\rtl\objpas\sysutils\sysutilh.inc"/>
        <TopLine Value="46"/>
        <CursorPos X="55" Y="50"/>
        <UsageCount Value="4"/>
      </Unit79>
      <Unit80>
        <Filename Value="..\Library\MMaster\MyExceptions.pas"/>
        <IsPartOfProject Value="True"/>
        <EditorIndex Value="16"/>
        <CursorPos X="6" Y="11"/>
        <UsageCount Value="92"/>
        <Loaded Value="True"/>
        <DefaultSyntaxHighlighter Value="Delphi"/>
      </Unit80>
      <Unit81>
        <Filename Value="C:\lazarus\fpc\2.0.4\source\rtl\win32\classes.pp"/>
        <UnitName Value="Classes"/>
        <TopLine Value="17"/>
        <UsageCount Value="4"/>
      </Unit81>
      <Unit82>
        <Filename Value="C:\lazarus\fpc\2.0.4\source\rtl\objpas\math.pp"/>
        <UsageCount Value="4"/>
      </Unit82>
      <Unit83>
        <Filename Value="C:\lazarus\fpc\2.0.4\source\packages\extra\winunits\shellapi.pp"/>
        <UnitName Value="ShellApi"/>
        <TopLine Value="46"/>
        <UsageCount Value="4"/>
      </Unit83>
      <Unit84>
        <Filename Value="C:\lazarus\lcl\lresources.pp"/>
        <UnitName Value="LResources"/>
        <TopLine Value="33"/>
        <CursorPos X="3" Y="45"/>
        <UsageCount Value="21"/>
      </Unit84>
      <Unit85>
        <Filename Value="C:\lazarus\fpc\2.0.4\source\rtl\inc\systemh.inc"/>
        <TopLine Value="170"/>
        <CursorPos X="3" Y="187"/>
        <UsageCount Value="8"/>
      </Unit85>
      <Unit86>
        <Filename Value="C:\lazarus\lcl\colorbox.pas"/>
        <UnitName Value="ColorBox"/>
        <TopLine Value="9"/>
        <UsageCount Value="9"/>
      </Unit86>
    </Units>
    <JumpHistory Count="30" HistoryIndex="29">
      <Position1>
        <Filename Value="..\Library\NewVCL\NumericGrid.pas"/>
        <Caret Line="19" TopLine="7"/>
      </Position1>
      <Position2>
        <Filename Value="..\Library\NewVCL\NumericGrid.pas"/>
        <Caret Line="116" Column="9" TopLine="103"/>
      </Position2>
      <Position3>
        <Filename Value="..\Library\NewVCL\NumericGrid.pas"/>
        <Caret Line="153" Column="9" TopLine="143"/>
      </Position3>
      <Position4>
        <Filename Value="..\Library\NewVCL\NumericGrid.pas"/>
        <Caret Line="325" Column="9" TopLine="310"/>
      </Position4>
      <Position5>
        <Filename Value="..\Library\NewVCL\NumericGrid.pas"/>
        <Caret Line="321" Column="41" TopLine="310"/>
      </Position5>
      <Position6>
        <Filename Value="..\Library\NewVCL\NumericGrid.pas"/>
        <Caret Line="323" Column="26" TopLine="312"/>
      </Position6>
      <Position7>
        <Filename Value="..\Library\NewVCL\NumericGrid.pas"/>
        <Caret Line="247" TopLine="233"/>
      </Position7>
      <Position8>
        <Filename Value="..\Library\NewVCL\NumericGrid.pas"/>
        <Caret Line="353" TopLine="342"/>
      </Position8>
      <Position9>
        <Filename Value="..\Library\NewVCL\NumericGrid.pas"/>
        <Caret Line="420" Column="9" TopLine="409"/>
      </Position9>
      <Position10>
        <Filename Value="..\Library\NewVCL\NumericGrid.pas"/>
        <Caret Line="529" Column="9" TopLine="512"/>
      </Position10>
      <Position11>
        <Filename Value="..\Library\NewVCL\NumericGrid.pas"/>
        <Caret Line="552" Column="21" TopLine="541"/>
      </Position11>
      <Position12>
        <Filename Value="..\Library\NewVCL\NumericGrid.pas"/>
        <Caret Line="810" Column="78" TopLine="801"/>
      </Position12>
      <Position13>
        <Filename Value="..\Library\NewVCL\NumericGrid.pas"/>
        <Caret Line="1194" Column="9" TopLine="1173"/>
      </Position13>
      <Position14>
        <Filename Value="..\Library\NewVCL\NumericGrid.pas"/>
        <Caret Line="1205" Column="24" TopLine="1192"/>
      </Position14>
      <Position15>
        <Filename Value="..\Library\NewVCL\NumericGrid.pas"/>
        <Caret Line="1709" Column="9" TopLine="1693"/>
      </Position15>
      <Position16>
        <Filename Value="..\Library\NewVCL\NumericGrid.pas"/>
        <Caret Line="2119" Column="9" TopLine="2103"/>
      </Position16>
      <Position17>
        <Filename Value="..\Library\NewVCL\NumericGrid.pas"/>
        <Caret Line="2141" Column="13" TopLine="2128"/>
      </Position17>
      <Position18>
        <Filename Value="..\Library\NewVCL\NumericGrid.pas"/>
        <Caret Line="2310" Column="9" TopLine="2294"/>
      </Position18>
      <Position19>
        <Filename Value="..\Library\NewVCL\NumericGrid.pas"/>
        <Caret Line="2308" Column="15" TopLine="2297"/>
      </Position19>
      <Position20>
        <Filename Value="..\Library\NewVCL\NumericGrid.pas"/>
        <Caret Line="2326" Column="9" TopLine="2307"/>
      </Position20>
      <Position21>
        <Filename Value="..\Library\NewVCL\NumericGrid.pas"/>
        <Caret Line="2319" Column="24" TopLine="2308"/>
      </Position21>
      <Position22>
        <Filename Value="..\Library\NewVCL\NumericGrid.pas"/>
        <Caret Line="2321" Column="8" TopLine="2310"/>
      </Position22>
      <Position23>
        <Filename Value="..\Library\NewVCL\NumericGrid.pas"/>
        <Caret Line="2322" Column="34" TopLine="2311"/>
      </Position23>
      <Position24>
        <Filename Value="..\Library\NewVCL\NumericGrid.pas"/>
        <Caret Line="2337" Column="9" TopLine="2317"/>
      </Position24>
      <Position25>
        <Filename Value="..\Library\MMaster\DataClasses.pas"/>
        <Caret Line="90" Column="10" TopLine="77"/>
      </Position25>
      <Position26>
        <Filename Value="..\Library\MMaster\Plotter2.pas"/>
        <Caret Line="20" Column="13" TopLine="6"/>
      </Position26>
      <Position27>
        <Filename Value="..\Library\MMaster\Plotter2.pas"/>
        <Caret Line="395" Column="38" TopLine="385"/>
      </Position27>
      <Position28>
        <Filename Value="..\Library\Common\Runner.pas"/>
        <Caret Line="65" TopLine="54"/>
      </Position28>
      <Position29>
        <Filename Value="..\Library\MMaster\Plotter2.pas"/>
        <Caret Line="396" Column="13" TopLine="388"/>
      </Position29>
      <Position30>
        <Filename Value="..\Library\MMaster\Plotter2.pas"/>
        <Caret Line="425" Column="21" TopLine="411"/>
      </Position30>
    </JumpHistory>
  </ProjectOptions>
  <CompilerOptions>
    <Version Value="11"/>
    <PathDelim Value="\"/>
    <SearchPaths>
      <OtherUnitFiles Value="..\Library\NewVCL;..\Library\Tools;..\Library\Math;..\Library\MMaster;..\Library\FFeditor;..\Library\Common;..\Library\Algorithms;$(LazarusDir)\components\codetools\units\i386-win32"/>
      <UnitOutputDirectory Value="\o"/>
    </SearchPaths>
    <Parsing>
      <SyntaxOptions>
        <SyntaxMode Value="Delphi"/>
        <UseAnsiStrings Value="False"/>
      </SyntaxOptions>
    </Parsing>
    <Linking>
      <Debugging>
        <DebugInfoType Value="dsStabs"/>
      </Debugging>
      <Options>
        <Win32>
          <GraphicApplication Value="True"/>
        </Win32>
      </Options>
    </Linking>
    <Other>
      <CustomOptions Value="-dLazarus"/>
    </Other>
  </CompilerOptions>
  <Debugging>
    <Watches Count="7">
      <Item1>
        <Expression Value="RefCount"/>
      </Item1>
      <Item2>
        <Expression Value="Result.AtomList"/>
      </Item2>
      <Item3>
        <Expression Value="Sites.Items.Count"/>
      </Item3>
      <Item4>
        <Expression Value="TS"/>
      </Item4>
      <Item5>
        <Expression Value="Self"/>
      </Item5>
      <Item6>
        <Expression Value="ListBoxSitesCalcOpt.ItemIndex"/>
      </Item6>
      <Item7>
        <Expression Value="WaveVectors"/>
        <Enabled Value="False"/>
      </Item7>
    </Watches>
    <Exceptions Count="2">
      <Item1>
        <Name Value="ECodetoolError"/>
      </Item1>
      <Item2>
        <Name Value="EFOpenError"/>
      </Item2>
    </Exceptions>
  </Debugging>
</CONFIG>
